{
  "version": 4,
  "terraform_version": "1.11.2",
  "serial": 37,
  "lineage": "bab037c9-766a-07ac-3894-a68231fc8a57",
  "outputs": {
    "codedeploy_app_name": {
      "value": "istory-app",
      "type": "string"
    },
    "codedeploy_deployment_group_name": {
      "value": "istory-deploy-group",
      "type": "string"
    },
    "dev_istory_nginx_instance_public_ip": {
      "value": "3.36.55.233",
      "type": "string"
    },
    "istory-deploy-bucket_name": {
      "value": "istory-deploy-bucket-445567077599",
      "type": "string"
    },
    "rds_database_name": {
      "value": "istory",
      "type": "string"
    },
    "rds_endpoint": {
      "value": "istory-db.cxgcegmesnda.ap-northeast-2.rds.amazonaws.com:3306",
      "type": "string"
    },
    "rds_username": {
      "value": "user",
      "type": "string"
    },
    "ssh_private_key_pem": {
      "value": "-----BEGIN RSA PRIVATE KEY-----\nMIIEowIBAAKCAQEA3HUzJgMnJSHEg3GWikKR5DzsbZC+DDA6SsmUREh+pDN8ccGY\nCryGJbTTf+AYoCDtZuRE1tYILnxmwdjDWx9+4PhZ25XV+ai0kKd+wNjFDnU9XKTL\nAOpxDt4RPtoFRk8TUvc3zQvaBHSUhATc0FiIgZzYIq1kcUfWj5UByAlOo+RgbUQ5\nAvF6Vq0gUGXVSSgaB0/36gXYVSPL1ENJXUK/DakBbwz/yo1TfEMo3HisOJTB/AyQ\nrkf24PRC9KGEmaMDLL0MnjX7hUk8k3v1L9UnN71WzmMaI/a79WY9594QoRjwBT66\nDi4zXXnx8kn2ZYRALtQI6Cxo4I6nZBzZL9DJNwIDAQABAoIBAQCcJpd4ETuk3Woo\nAEi03bogg9ajNKaoU3C2kFlolEC/ZYh7urhKwoXyJ0a3iK9onGoLOxxXX3qkEpFm\nNHcLEB/6kW50ToklMQ3UeA8b4W6ScxBnkoIHwAcclMZ6UkryJgh1942auw5NoZWg\nfSE6obrus32T8mT2p/+d69k7Kvx8sHHVGZfzHrjNKA8d5yNQKmwuGEC1lGv6QnKC\nzrSqmxcavfmf45AlSd1F7Z34ovoLkyvxXpkbCC6IkpUnxOvOM3YqTjav7j2BW36Z\nU41ttZGrPuE2Sku1DjqFt7LEZczUeXIGAYWqNr9WE1N+cAqVMkf+oGhm0Pvn342v\nao9w9u1hAoGBAPG0xhUrXrUUVCXUpASd3PodjqZuit9aEU22CXEhjCpzvBQEH5Im\nuq5exBFNjmzGRmJqUpdDb9KoeT4ArhJ3pPA38As/F0I/YLiWzzKhK6sht7OqYCoy\nqzLMT/Ka3+78OxLZVuGEw2bKWXo5A5XQ3q7W70KqyfVKXj3SdrsY8xbDAoGBAOl+\nvoaZLKhiTpZBqX+2+bOIOlfTSvZt2zUYJyQh8vhHIWH92+QM5ysPtyVJ87JRbkvH\nZ7kVPxs8/x+4W17KnndiGnNc7lbj3tqQ28DlVtTTpF/loUqFs05IuuvTr0MYfWJY\n9BzbO8KC1Q9OfNYg8KxzC+9t13Camp685/ioM+R9AoGAKh4yFiZEjpFISH9RRWys\nwPi9jsrccCcltMDvzELoRc19DI/bYIBXL2NcDxfQpau3QBb+5VTe+3pYBjHgI1+t\n4h4dOhh4WRbqJ8A/wrbLATsS47/gmfnSUzu/AqtyMhbJxHMS7KFR22uPQ/kDYuvO\nofDaKGfSYWfgHC28esXSNjkCgYA4arpoVTxYFyC753On+zMMMP8/1zrGnjaX9pUG\ngvltCerD/Y2S5Zc5bVuoM90hGdHXl3+1Va/gyfUu2eGh3r05RUf01eB0uCxRjSy7\nx+4aEGUoEpjNI872PFaFwqkXQiSRjcK18jbXQbtvLly1dFISqN2aZWTnvUNc1XIL\nP8ECFQKBgC1itxeLkX+F/eC/qohmoVhftfLbJTQGN+hoOQrOiP0HLGU4VbUcffpQ\nTiYT65UbfjO1iXX36X8u5LhJ02MlN3BV4c6OVBnY6rjsZJ57nCkRMurhDwSJHjyT\n0tJ3jdTEGRlHxnR4B3wxJxdAfirocdUkA2J+W88m9Upg/bLRDWkD\n-----END RSA PRIVATE KEY-----\n",
      "type": "string",
      "sensitive": true
    }
  },
  "resources": [
    {
      "mode": "data",
      "type": "aws_caller_identity",
      "name": "current",
      "provider": "provider[\"registry.terraform.io/hashicorp/aws\"]",
      "instances": [
        {
          "schema_version": 0,
          "attributes": {
            "account_id": "445567077599",
            "arn": "arn:aws:iam::445567077599:user/cicd",
            "id": "445567077599",
            "user_id": "AIDAWPPO6BTPXNBGRPZHH"
          },
          "sensitive_attributes": []
        }
      ]
    },
    {
      "mode": "managed",
      "type": "aws_codedeploy_app",
      "name": "istory-app",
      "provider": "provider[\"registry.terraform.io/hashicorp/aws\"]",
      "instances": [
        {
          "schema_version": 0,
          "attributes": {
            "application_id": "584a2d32-6bf3-49f3-bd14-36861499be59",
            "arn": "arn:aws:codedeploy:ap-northeast-2:445567077599:application:istory-app",
            "compute_platform": "Server",
            "github_account_name": "",
            "id": "584a2d32-6bf3-49f3-bd14-36861499be59:istory-app",
            "linked_to_github": false,
            "name": "istory-app",
            "tags": {},
            "tags_all": {}
          },
          "sensitive_attributes": [],
          "private": "bnVsbA=="
        }
      ]
    },
    {
      "mode": "managed",
      "type": "aws_codedeploy_deployment_group",
      "name": "istory-deploy_group",
      "provider": "provider[\"registry.terraform.io/hashicorp/aws\"]",
      "instances": [
        {
          "schema_version": 0,
          "attributes": {
            "alarm_configuration": [],
            "app_name": "istory-app",
            "arn": "arn:aws:codedeploy:ap-northeast-2:445567077599:deploymentgroup:istory-app/istory-deploy-group",
            "auto_rollback_configuration": [
              {
                "enabled": true,
                "events": [
                  "DEPLOYMENT_FAILURE"
                ]
              }
            ],
            "autoscaling_groups": [],
            "blue_green_deployment_config": [],
            "compute_platform": "Server",
            "deployment_config_name": "CodeDeployDefault.OneAtATime",
            "deployment_group_id": "2aafc3b1-886a-47b8-a183-943987b3fdb0",
            "deployment_group_name": "istory-deploy-group",
            "deployment_style": [
              {
                "deployment_option": "WITHOUT_TRAFFIC_CONTROL",
                "deployment_type": "IN_PLACE"
              }
            ],
            "ec2_tag_filter": [],
            "ec2_tag_set": [
              {
                "ec2_tag_filter": [
                  {
                    "key": "Environment",
                    "type": "KEY_AND_VALUE",
                    "value": "Development"
                  }
                ]
              }
            ],
            "ecs_service": [],
            "id": "2aafc3b1-886a-47b8-a183-943987b3fdb0",
            "load_balancer_info": [],
            "on_premises_instance_tag_filter": [],
            "outdated_instances_strategy": "UPDATE",
            "service_role_arn": "arn:aws:iam::445567077599:role/CodeDeployServiceRole",
            "tags": {},
            "tags_all": {},
            "termination_hook_enabled": false,
            "trigger_configuration": []
          },
          "sensitive_attributes": [],
          "private": "bnVsbA==",
          "dependencies": [
            "aws_codedeploy_app.istory-app",
            "aws_iam_role.codedeploy_service_role"
          ]
        }
      ]
    },
    {
      "mode": "managed",
      "type": "aws_db_instance",
      "name": "istory_db",
      "provider": "provider[\"registry.terraform.io/hashicorp/aws\"]",
      "instances": [
        {
          "schema_version": 2,
          "attributes": {
            "address": "istory-db.cxgcegmesnda.ap-northeast-2.rds.amazonaws.com",
            "allocated_storage": 20,
            "allow_major_version_upgrade": null,
            "apply_immediately": false,
            "arn": "arn:aws:rds:ap-northeast-2:445567077599:db:istory-db",
            "auto_minor_version_upgrade": true,
            "availability_zone": "ap-northeast-2c",
            "backup_retention_period": 7,
            "backup_target": "region",
            "backup_window": "03:00-04:00",
            "blue_green_update": [],
            "ca_cert_identifier": "rds-ca-rsa2048-g1",
            "character_set_name": "",
            "copy_tags_to_snapshot": false,
            "custom_iam_instance_profile": "",
            "customer_owned_ip_enabled": false,
            "database_insights_mode": "standard",
            "db_name": "istory",
            "db_subnet_group_name": "istory-db-subnet-group",
            "dedicated_log_volume": false,
            "delete_automated_backups": true,
            "deletion_protection": false,
            "domain": "",
            "domain_auth_secret_arn": "",
            "domain_dns_ips": [],
            "domain_fqdn": "",
            "domain_iam_role_name": "",
            "domain_ou": "",
            "enabled_cloudwatch_logs_exports": [],
            "endpoint": "istory-db.cxgcegmesnda.ap-northeast-2.rds.amazonaws.com:3306",
            "engine": "mysql",
            "engine_lifecycle_support": "open-source-rds-extended-support",
            "engine_version": "8.0",
            "engine_version_actual": "8.0.40",
            "final_snapshot_identifier": null,
            "hosted_zone_id": "ZLA2NUCOLGUUR",
            "iam_database_authentication_enabled": false,
            "id": "db-LB75EZ476LWZCLJKQE2M7HRIKA",
            "identifier": "istory-db",
            "identifier_prefix": "",
            "instance_class": "db.t3.micro",
            "iops": 0,
            "kms_key_id": "",
            "latest_restorable_time": "2025-03-22T05:35:00Z",
            "license_model": "general-public-license",
            "listener_endpoint": [],
            "maintenance_window": "mon:04:00-mon:05:00",
            "manage_master_user_password": null,
            "master_user_secret": [],
            "master_user_secret_kms_key_id": null,
            "max_allocated_storage": 0,
            "monitoring_interval": 0,
            "monitoring_role_arn": "",
            "multi_az": false,
            "nchar_character_set_name": "",
            "network_type": "IPV4",
            "option_group_name": "default:mysql-8-0",
            "parameter_group_name": "istory-db-parameter-group",
            "password": "user12345",
            "password_wo": null,
            "password_wo_version": null,
            "performance_insights_enabled": false,
            "performance_insights_kms_key_id": "",
            "performance_insights_retention_period": 0,
            "port": 3306,
            "publicly_accessible": false,
            "replica_mode": "",
            "replicas": [],
            "replicate_source_db": "",
            "resource_id": "db-LB75EZ476LWZCLJKQE2M7HRIKA",
            "restore_to_point_in_time": [],
            "s3_import": [],
            "skip_final_snapshot": true,
            "snapshot_identifier": null,
            "status": "available",
            "storage_encrypted": false,
            "storage_throughput": 0,
            "storage_type": "gp2",
            "tags": {
              "Environment": "Development",
              "Name": "istory"
            },
            "tags_all": {
              "Environment": "Development",
              "Name": "istory"
            },
            "timeouts": null,
            "timezone": "",
            "upgrade_storage_config": null,
            "username": "user",
            "vpc_security_group_ids": [
              "sg-09e5874970def8c1c"
            ]
          },
          "sensitive_attributes": [
            [
              {
                "type": "get_attr",
                "value": "password_wo"
              }
            ],
            [
              {
                "type": "get_attr",
                "value": "password"
              }
            ]
          ],
          "private": "eyJlMmJmYjczMC1lY2FhLTExZTYtOGY4OC0zNDM2M2JjN2M0YzAiOnsiY3JlYXRlIjozMDAwMDAwMDAwMDAwLCJkZWxldGUiOjM2MDAwMDAwMDAwMDAsInVwZGF0ZSI6NDgwMDAwMDAwMDAwMH0sInNjaGVtYV92ZXJzaW9uIjoiMiJ9",
          "dependencies": [
            "aws_db_parameter_group.istory_db_parameter_group",
            "aws_db_subnet_group.istory_db_subnet_group",
            "aws_security_group.istory_nginx_sg",
            "aws_security_group.istory_rds_sg",
            "aws_subnet.dangtong-vpc-public-subnet",
            "aws_vpc.dangtong-vpc"
          ]
        }
      ]
    },
    {
      "mode": "managed",
      "type": "aws_db_parameter_group",
      "name": "istory_db_parameter_group",
      "provider": "provider[\"registry.terraform.io/hashicorp/aws\"]",
      "instances": [
        {
          "schema_version": 0,
          "attributes": {
            "arn": "arn:aws:rds:ap-northeast-2:445567077599:pg:istory-db-parameter-group",
            "description": "Managed by Terraform",
            "family": "mysql8.0",
            "id": "istory-db-parameter-group",
            "name": "istory-db-parameter-group",
            "name_prefix": "",
            "parameter": [
              {
                "apply_method": "immediate",
                "name": "character_set_client",
                "value": "utf8mb4"
              },
              {
                "apply_method": "immediate",
                "name": "character_set_server",
                "value": "utf8mb4"
              }
            ],
            "skip_destroy": false,
            "tags": {},
            "tags_all": {}
          },
          "sensitive_attributes": [],
          "private": "bnVsbA=="
        }
      ]
    },
    {
      "mode": "managed",
      "type": "aws_db_subnet_group",
      "name": "istory_db_subnet_group",
      "provider": "provider[\"registry.terraform.io/hashicorp/aws\"]",
      "instances": [
        {
          "schema_version": 0,
          "attributes": {
            "arn": "arn:aws:rds:ap-northeast-2:445567077599:subgrp:istory-db-subnet-group",
            "description": "Managed by Terraform",
            "id": "istory-db-subnet-group",
            "name": "istory-db-subnet-group",
            "name_prefix": "",
            "subnet_ids": [
              "subnet-02e696e8e267f7375",
              "subnet-05f0e7807174266d9",
              "subnet-0a857576db5698735",
              "subnet-0e9c6ab4f91b5830a"
            ],
            "supported_network_types": [
              "IPV4"
            ],
            "tags": {
              "Name": "istory DB subnet group"
            },
            "tags_all": {
              "Name": "istory DB subnet group"
            },
            "vpc_id": "vpc-0575e537ce2796aa2"
          },
          "sensitive_attributes": [],
          "private": "bnVsbA==",
          "dependencies": [
            "aws_subnet.dangtong-vpc-public-subnet",
            "aws_vpc.dangtong-vpc"
          ]
        }
      ]
    },
    {
      "mode": "managed",
      "type": "aws_iam_instance_profile",
      "name": "ec2_profile",
      "provider": "provider[\"registry.terraform.io/hashicorp/aws\"]",
      "instances": [
        {
          "schema_version": 0,
          "attributes": {
            "arn": "arn:aws:iam::445567077599:instance-profile/EC2CodeDeployProfile",
            "create_date": "2025-03-22T05:37:54Z",
            "id": "EC2CodeDeployProfile",
            "name": "EC2CodeDeployProfile",
            "name_prefix": "",
            "path": "/",
            "role": "EC2CodeDeployRole",
            "tags": null,
            "tags_all": {},
            "unique_id": "AIPAWPPO6BTPT3XDQMH7S"
          },
          "sensitive_attributes": [],
          "private": "bnVsbA==",
          "dependencies": [
            "aws_iam_role.ec2_codedeploy_role"
          ]
        }
      ]
    },
    {
      "mode": "managed",
      "type": "aws_iam_role",
      "name": "codedeploy_service_role",
      "provider": "provider[\"registry.terraform.io/hashicorp/aws\"]",
      "instances": [
        {
          "schema_version": 0,
          "attributes": {
            "arn": "arn:aws:iam::445567077599:role/CodeDeployServiceRole",
            "assume_role_policy": "{\"Statement\":[{\"Action\":\"sts:AssumeRole\",\"Effect\":\"Allow\",\"Principal\":{\"Service\":\"codedeploy.amazonaws.com\"}}],\"Version\":\"2012-10-17\"}",
            "create_date": "2025-03-22T05:36:01Z",
            "description": "",
            "force_detach_policies": false,
            "id": "CodeDeployServiceRole",
            "inline_policy": [],
            "managed_policy_arns": [
              "arn:aws:iam::aws:policy/service-role/AWSCodeDeployRole"
            ],
            "max_session_duration": 3600,
            "name": "CodeDeployServiceRole",
            "name_prefix": "",
            "path": "/",
            "permissions_boundary": "",
            "tags": {
              "Name": "codedeploy-service-role"
            },
            "tags_all": {
              "Name": "codedeploy-service-role"
            },
            "unique_id": "AROAWPPO6BTP3EJV2FWFW"
          },
          "sensitive_attributes": [],
          "private": "bnVsbA=="
        }
      ]
    },
    {
      "mode": "managed",
      "type": "aws_iam_role",
      "name": "ec2_codedeploy_role",
      "provider": "provider[\"registry.terraform.io/hashicorp/aws\"]",
      "instances": [
        {
          "schema_version": 0,
          "attributes": {
            "arn": "arn:aws:iam::445567077599:role/EC2CodeDeployRole",
            "assume_role_policy": "{\"Statement\":[{\"Action\":\"sts:AssumeRole\",\"Effect\":\"Allow\",\"Principal\":{\"Service\":\"ec2.amazonaws.com\"}}],\"Version\":\"2012-10-17\"}",
            "create_date": "2025-03-22T05:36:01Z",
            "description": "",
            "force_detach_policies": false,
            "id": "EC2CodeDeployRole",
            "inline_policy": [],
            "managed_policy_arns": [
              "arn:aws:iam::aws:policy/AmazonS3ReadOnlyAccess",
              "arn:aws:iam::aws:policy/service-role/AWSCodeDeployRole"
            ],
            "max_session_duration": 3600,
            "name": "EC2CodeDeployRole",
            "name_prefix": "",
            "path": "/",
            "permissions_boundary": "",
            "tags": {
              "Name": "ec2-codedeploy-role"
            },
            "tags_all": {
              "Name": "ec2-codedeploy-role"
            },
            "unique_id": "AROAWPPO6BTP3J2QF645V"
          },
          "sensitive_attributes": [],
          "private": "bnVsbA=="
        }
      ]
    },
    {
      "mode": "managed",
      "type": "aws_iam_role_policy_attachment",
      "name": "codedeploy_service",
      "provider": "provider[\"registry.terraform.io/hashicorp/aws\"]",
      "instances": [
        {
          "schema_version": 0,
          "attributes": {
            "id": "CodeDeployServiceRole-20250322053603233500000002",
            "policy_arn": "arn:aws:iam::aws:policy/service-role/AWSCodeDeployRole",
            "role": "CodeDeployServiceRole"
          },
          "sensitive_attributes": [],
          "private": "bnVsbA==",
          "dependencies": [
            "aws_iam_role.codedeploy_service_role"
          ]
        }
      ]
    },
    {
      "mode": "managed",
      "type": "aws_iam_role_policy_attachment",
      "name": "ec2_codedeploy",
      "provider": "provider[\"registry.terraform.io/hashicorp/aws\"]",
      "instances": [
        {
          "schema_version": 0,
          "attributes": {
            "id": "EC2CodeDeployRole-20250322053603511500000003",
            "policy_arn": "arn:aws:iam::aws:policy/service-role/AWSCodeDeployRole",
            "role": "EC2CodeDeployRole"
          },
          "sensitive_attributes": [],
          "private": "bnVsbA==",
          "dependencies": [
            "aws_iam_role.ec2_codedeploy_role"
          ]
        }
      ]
    },
    {
      "mode": "managed",
      "type": "aws_iam_role_policy_attachment",
      "name": "ec2_codedeploy_s3",
      "provider": "provider[\"registry.terraform.io/hashicorp/aws\"]",
      "instances": [
        {
          "schema_version": 0,
          "attributes": {
            "id": "EC2CodeDeployRole-20250322053603226800000001",
            "policy_arn": "arn:aws:iam::aws:policy/AmazonS3ReadOnlyAccess",
            "role": "EC2CodeDeployRole"
          },
          "sensitive_attributes": [],
          "private": "bnVsbA==",
          "dependencies": [
            "aws_iam_role.ec2_codedeploy_role"
          ]
        }
      ]
    },
    {
      "mode": "managed",
      "type": "aws_instance",
      "name": "dev_istory_nginx_instance",
      "provider": "provider[\"registry.terraform.io/hashicorp/aws\"]",
      "instances": [
        {
          "schema_version": 1,
          "attributes": {
            "ami": "ami-08b09b6acd8d62254",
            "arn": "arn:aws:ec2:ap-northeast-2:445567077599:instance/i-07e136a89dfba40f6",
            "associate_public_ip_address": true,
            "availability_zone": "ap-northeast-2a",
            "capacity_reservation_specification": [
              {
                "capacity_reservation_preference": "open",
                "capacity_reservation_target": []
              }
            ],
            "cpu_core_count": 1,
            "cpu_options": [
              {
                "amd_sev_snp": "",
                "core_count": 1,
                "threads_per_core": 1
              }
            ],
            "cpu_threads_per_core": 1,
            "credit_specification": [
              {
                "cpu_credits": "standard"
              }
            ],
            "disable_api_stop": false,
            "disable_api_termination": false,
            "ebs_block_device": [],
            "ebs_optimized": false,
            "enable_primary_ipv6": null,
            "enclave_options": [
              {
                "enabled": false
              }
            ],
            "ephemeral_block_device": [],
            "get_password_data": false,
            "hibernation": false,
            "host_id": "",
            "host_resource_group_arn": null,
            "iam_instance_profile": "EC2CodeDeployProfile",
            "id": "i-07e136a89dfba40f6",
            "instance_initiated_shutdown_behavior": "stop",
            "instance_lifecycle": "",
            "instance_market_options": [],
            "instance_state": "running",
            "instance_type": "t2.micro",
            "ipv6_address_count": 0,
            "ipv6_addresses": [],
            "key_name": "ec2-key_pair",
            "launch_template": [],
            "maintenance_options": [
              {
                "auto_recovery": "default"
              }
            ],
            "metadata_options": [
              {
                "http_endpoint": "enabled",
                "http_protocol_ipv6": "disabled",
                "http_put_response_hop_limit": 1,
                "http_tokens": "optional",
                "instance_metadata_tags": "disabled"
              }
            ],
            "monitoring": false,
            "network_interface": [],
            "outpost_arn": "",
            "password_data": "",
            "placement_group": "",
            "placement_partition_number": 0,
            "primary_network_interface_id": "eni-07e7e78bcf1a898eb",
            "private_dns": "ip-10-0-1-180.ap-northeast-2.compute.internal",
            "private_dns_name_options": [
              {
                "enable_resource_name_dns_a_record": false,
                "enable_resource_name_dns_aaaa_record": false,
                "hostname_type": "ip-name"
              }
            ],
            "private_ip": "10.0.1.180",
            "public_dns": "ec2-3-36-55-233.ap-northeast-2.compute.amazonaws.com",
            "public_ip": "3.36.55.233",
            "root_block_device": [
              {
                "delete_on_termination": true,
                "device_name": "/dev/xvda",
                "encrypted": false,
                "iops": 100,
                "kms_key_id": "",
                "tags": {},
                "tags_all": {},
                "throughput": 0,
                "volume_id": "vol-0d394bd6e3077df4a",
                "volume_size": 8,
                "volume_type": "gp2"
              }
            ],
            "secondary_private_ips": [],
            "security_groups": [],
            "source_dest_check": true,
            "spot_instance_request_id": "",
            "subnet_id": "subnet-0e9c6ab4f91b5830a",
            "tags": {
              "Environment": "Development",
              "Name": "istory nginx-server"
            },
            "tags_all": {
              "Environment": "Development",
              "Name": "istory nginx-server"
            },
            "tenancy": "default",
            "timeouts": null,
            "user_data": "89573fc17c6928260a1ff3340398cee177fd96f0",
            "user_data_base64": null,
            "user_data_replace_on_change": false,
            "volume_tags": null,
            "vpc_security_group_ids": [
              "sg-0b9c6ddbeab10ec12"
            ]
          },
          "sensitive_attributes": [],
          "private": "eyJlMmJmYjczMC1lY2FhLTExZTYtOGY4OC0zNDM2M2JjN2M0YzAiOnsiY3JlYXRlIjo2MDAwMDAwMDAwMDAsImRlbGV0ZSI6MTIwMDAwMDAwMDAwMCwicmVhZCI6OTAwMDAwMDAwMDAwLCJ1cGRhdGUiOjYwMDAwMDAwMDAwMH0sInNjaGVtYV92ZXJzaW9uIjoiMSJ9",
          "dependencies": [
            "aws_iam_instance_profile.ec2_profile",
            "aws_iam_role.ec2_codedeploy_role",
            "aws_key_pair.ec2_key_pair",
            "aws_security_group.istory_nginx_sg",
            "aws_subnet.dangtong-vpc-public-subnet",
            "aws_vpc.dangtong-vpc",
            "tls_private_key.ec2_private_key"
          ]
        }
      ]
    },
    {
      "mode": "managed",
      "type": "aws_internet_gateway",
      "name": "dangtong-igw",
      "provider": "provider[\"registry.terraform.io/hashicorp/aws\"]",
      "instances": [
        {
          "schema_version": 0,
          "attributes": {
            "arn": "arn:aws:ec2:ap-northeast-2:445567077599:internet-gateway/igw-0bf46f8fd55a3c6b2",
            "id": "igw-0bf46f8fd55a3c6b2",
            "owner_id": "445567077599",
            "tags": {
              "Name": "dangtong-igw"
            },
            "tags_all": {
              "Name": "dangtong-igw"
            },
            "timeouts": null,
            "vpc_id": "vpc-0575e537ce2796aa2"
          },
          "sensitive_attributes": [],
          "private": "eyJlMmJmYjczMC1lY2FhLTExZTYtOGY4OC0zNDM2M2JjN2M0YzAiOnsiY3JlYXRlIjoxMjAwMDAwMDAwMDAwLCJkZWxldGUiOjEyMDAwMDAwMDAwMDAsInVwZGF0ZSI6MTIwMDAwMDAwMDAwMH19",
          "dependencies": [
            "aws_vpc.dangtong-vpc"
          ]
        }
      ]
    },
    {
      "mode": "managed",
      "type": "aws_key_pair",
      "name": "ec2_key_pair",
      "provider": "provider[\"registry.terraform.io/hashicorp/aws\"]",
      "instances": [
        {
          "schema_version": 1,
          "attributes": {
            "arn": "arn:aws:ec2:ap-northeast-2:445567077599:key-pair/ec2-key_pair",
            "fingerprint": "90:13:20:87:87:32:7a:69:9b:68:8f:71:72:a5:d2:e3",
            "id": "ec2-key_pair",
            "key_name": "ec2-key_pair",
            "key_name_prefix": "",
            "key_pair_id": "key-0db23ffde4c01096c",
            "key_type": "rsa",
            "public_key": "ssh-rsa AAAAB3NzaC1yc2EAAAADAQABAAABAQDcdTMmAyclIcSDcZaKQpHkPOxtkL4MMDpKyZRESH6kM3xxwZgKvIYltNN/4BigIO1m5ETW1ggufGbB2MNbH37g+FnbldX5qLSQp37A2MUOdT1cpMsA6nEO3hE+2gVGTxNS9zfNC9oEdJSEBNzQWIiBnNgirWRxR9aPlQHICU6j5GBtRDkC8XpWrSBQZdVJKBoHT/fqBdhVI8vUQ0ldQr8NqQFvDP/KjVN8QyjceKw4lMH8DJCuR/bg9EL0oYSZowMsvQyeNfuFSTyTe/Uv1Sc3vVbOYxoj9rv1Zj3n3hChGPAFProOLjNdefHySfZlhEAu1AjoLGjgjqdkHNkv0Mk3",
            "tags": {},
            "tags_all": {}
          },
          "sensitive_attributes": [],
          "private": "eyJzY2hlbWFfdmVyc2lvbiI6IjEifQ==",
          "dependencies": [
            "tls_private_key.ec2_private_key"
          ]
        }
      ]
    },
    {
      "mode": "managed",
      "type": "aws_route_table",
      "name": "dangtong-vpc-public-rt",
      "provider": "provider[\"registry.terraform.io/hashicorp/aws\"]",
      "instances": [
        {
          "schema_version": 0,
          "attributes": {
            "arn": "arn:aws:ec2:ap-northeast-2:445567077599:route-table/rtb-04664ee0dedcf1465",
            "id": "rtb-04664ee0dedcf1465",
            "owner_id": "445567077599",
            "propagating_vgws": [],
            "route": [
              {
                "carrier_gateway_id": "",
                "cidr_block": "0.0.0.0/0",
                "core_network_arn": "",
                "destination_prefix_list_id": "",
                "egress_only_gateway_id": "",
                "gateway_id": "igw-0bf46f8fd55a3c6b2",
                "ipv6_cidr_block": "",
                "local_gateway_id": "",
                "nat_gateway_id": "",
                "network_interface_id": "",
                "transit_gateway_id": "",
                "vpc_endpoint_id": "",
                "vpc_peering_connection_id": ""
              }
            ],
            "tags": {
              "Name": "dangtong-vpc-public-rt"
            },
            "tags_all": {
              "Name": "dangtong-vpc-public-rt"
            },
            "timeouts": null,
            "vpc_id": "vpc-0575e537ce2796aa2"
          },
          "sensitive_attributes": [],
          "private": "eyJlMmJmYjczMC1lY2FhLTExZTYtOGY4OC0zNDM2M2JjN2M0YzAiOnsiY3JlYXRlIjozMDAwMDAwMDAwMDAsImRlbGV0ZSI6MzAwMDAwMDAwMDAwLCJ1cGRhdGUiOjEyMDAwMDAwMDAwMH19",
          "dependencies": [
            "aws_internet_gateway.dangtong-igw",
            "aws_vpc.dangtong-vpc"
          ]
        }
      ]
    },
    {
      "mode": "managed",
      "type": "aws_route_table_association",
      "name": "dangtong-vpc-public-rt",
      "provider": "provider[\"registry.terraform.io/hashicorp/aws\"]",
      "instances": [
        {
          "index_key": "a",
          "schema_version": 0,
          "attributes": {
            "gateway_id": "",
            "id": "rtbassoc-0a5c0276012e0348b",
            "route_table_id": "rtb-04664ee0dedcf1465",
            "subnet_id": "subnet-0e9c6ab4f91b5830a",
            "timeouts": null
          },
          "sensitive_attributes": [],
          "private": "eyJlMmJmYjczMC1lY2FhLTExZTYtOGY4OC0zNDM2M2JjN2M0YzAiOnsiY3JlYXRlIjozMDAwMDAwMDAwMDAsImRlbGV0ZSI6MzAwMDAwMDAwMDAwLCJ1cGRhdGUiOjEyMDAwMDAwMDAwMH19",
          "dependencies": [
            "aws_internet_gateway.dangtong-igw",
            "aws_route_table.dangtong-vpc-public-rt",
            "aws_subnet.dangtong-vpc-public-subnet",
            "aws_vpc.dangtong-vpc"
          ]
        },
        {
          "index_key": "b",
          "schema_version": 0,
          "attributes": {
            "gateway_id": "",
            "id": "rtbassoc-0b4a946988c21851f",
            "route_table_id": "rtb-04664ee0dedcf1465",
            "subnet_id": "subnet-0a857576db5698735",
            "timeouts": null
          },
          "sensitive_attributes": [],
          "private": "eyJlMmJmYjczMC1lY2FhLTExZTYtOGY4OC0zNDM2M2JjN2M0YzAiOnsiY3JlYXRlIjozMDAwMDAwMDAwMDAsImRlbGV0ZSI6MzAwMDAwMDAwMDAwLCJ1cGRhdGUiOjEyMDAwMDAwMDAwMH19",
          "dependencies": [
            "aws_internet_gateway.dangtong-igw",
            "aws_route_table.dangtong-vpc-public-rt",
            "aws_subnet.dangtong-vpc-public-subnet",
            "aws_vpc.dangtong-vpc"
          ]
        },
        {
          "index_key": "c",
          "schema_version": 0,
          "attributes": {
            "gateway_id": "",
            "id": "rtbassoc-0b91556abaec0f1e7",
            "route_table_id": "rtb-04664ee0dedcf1465",
            "subnet_id": "subnet-02e696e8e267f7375",
            "timeouts": null
          },
          "sensitive_attributes": [],
          "private": "eyJlMmJmYjczMC1lY2FhLTExZTYtOGY4OC0zNDM2M2JjN2M0YzAiOnsiY3JlYXRlIjozMDAwMDAwMDAwMDAsImRlbGV0ZSI6MzAwMDAwMDAwMDAwLCJ1cGRhdGUiOjEyMDAwMDAwMDAwMH19",
          "dependencies": [
            "aws_internet_gateway.dangtong-igw",
            "aws_route_table.dangtong-vpc-public-rt",
            "aws_subnet.dangtong-vpc-public-subnet",
            "aws_vpc.dangtong-vpc"
          ]
        },
        {
          "index_key": "d",
          "schema_version": 0,
          "attributes": {
            "gateway_id": "",
            "id": "rtbassoc-0029f8bb937fdf573",
            "route_table_id": "rtb-04664ee0dedcf1465",
            "subnet_id": "subnet-05f0e7807174266d9",
            "timeouts": null
          },
          "sensitive_attributes": [],
          "private": "eyJlMmJmYjczMC1lY2FhLTExZTYtOGY4OC0zNDM2M2JjN2M0YzAiOnsiY3JlYXRlIjozMDAwMDAwMDAwMDAsImRlbGV0ZSI6MzAwMDAwMDAwMDAwLCJ1cGRhdGUiOjEyMDAwMDAwMDAwMH19",
          "dependencies": [
            "aws_internet_gateway.dangtong-igw",
            "aws_route_table.dangtong-vpc-public-rt",
            "aws_subnet.dangtong-vpc-public-subnet",
            "aws_vpc.dangtong-vpc"
          ]
        }
      ]
    },
    {
      "mode": "managed",
      "type": "aws_s3_bucket",
      "name": "istory-deploy-bucket",
      "provider": "provider[\"registry.terraform.io/hashicorp/aws\"]",
      "instances": [
        {
          "schema_version": 0,
          "attributes": {
            "acceleration_status": "",
            "acl": null,
            "arn": "arn:aws:s3:::istory-deploy-bucket-445567077599",
            "bucket": "istory-deploy-bucket-445567077599",
            "bucket_domain_name": "istory-deploy-bucket-445567077599.s3.amazonaws.com",
            "bucket_prefix": "",
            "bucket_regional_domain_name": "istory-deploy-bucket-445567077599.s3.ap-northeast-2.amazonaws.com",
            "cors_rule": [],
            "force_destroy": false,
            "grant": [
              {
                "id": "80241bf9731f06bb7660c7a66e9fe690ab6245bf9b091266afb07a604c591890",
                "permissions": [
                  "FULL_CONTROL"
                ],
                "type": "CanonicalUser",
                "uri": ""
              }
            ],
            "hosted_zone_id": "Z3W03O7B5YMIYP",
            "id": "istory-deploy-bucket-445567077599",
            "lifecycle_rule": [],
            "logging": [],
            "object_lock_configuration": [],
            "object_lock_enabled": false,
            "policy": "",
            "region": "ap-northeast-2",
            "replication_configuration": [],
            "request_payer": "BucketOwner",
            "server_side_encryption_configuration": [
              {
                "rule": [
                  {
                    "apply_server_side_encryption_by_default": [
                      {
                        "kms_master_key_id": "",
                        "sse_algorithm": "AES256"
                      }
                    ],
                    "bucket_key_enabled": false
                  }
                ]
              }
            ],
            "tags": {},
            "tags_all": {},
            "timeouts": null,
            "versioning": [
              {
                "enabled": true,
                "mfa_delete": false
              }
            ],
            "website": [],
            "website_domain": null,
            "website_endpoint": null
          },
          "sensitive_attributes": [],
          "private": "eyJlMmJmYjczMC1lY2FhLTExZTYtOGY4OC0zNDM2M2JjN2M0YzAiOnsiY3JlYXRlIjoxMjAwMDAwMDAwMDAwLCJkZWxldGUiOjM2MDAwMDAwMDAwMDAsInJlYWQiOjEyMDAwMDAwMDAwMDAsInVwZGF0ZSI6MTIwMDAwMDAwMDAwMH19",
          "dependencies": [
            "data.aws_caller_identity.current"
          ]
        }
      ]
    },
    {
      "mode": "managed",
      "type": "aws_s3_bucket_versioning",
      "name": "deploy_bucket_versioning",
      "provider": "provider[\"registry.terraform.io/hashicorp/aws\"]",
      "instances": [
        {
          "schema_version": 0,
          "attributes": {
            "bucket": "istory-deploy-bucket-445567077599",
            "expected_bucket_owner": "",
            "id": "istory-deploy-bucket-445567077599",
            "mfa": null,
            "versioning_configuration": [
              {
                "mfa_delete": "",
                "status": "Enabled"
              }
            ]
          },
          "sensitive_attributes": [],
          "private": "bnVsbA==",
          "dependencies": [
            "aws_s3_bucket.istory-deploy-bucket",
            "data.aws_caller_identity.current"
          ]
        }
      ]
    },
    {
      "mode": "managed",
      "type": "aws_security_group",
      "name": "istory_nginx_sg",
      "provider": "provider[\"registry.terraform.io/hashicorp/aws\"]",
      "instances": [
        {
          "schema_version": 1,
          "attributes": {
            "arn": "arn:aws:ec2:ap-northeast-2:445567077599:security-group/sg-0b9c6ddbeab10ec12",
            "description": "Managed by Terraform",
            "egress": [
              {
                "cidr_blocks": [
                  "0.0.0.0/0"
                ],
                "description": "",
                "from_port": 0,
                "ipv6_cidr_blocks": [],
                "prefix_list_ids": [],
                "protocol": "-1",
                "security_groups": [],
                "self": false,
                "to_port": 0
              }
            ],
            "id": "sg-0b9c6ddbeab10ec12",
            "ingress": [
              {
                "cidr_blocks": [
                  "0.0.0.0/0"
                ],
                "description": "Allow HTTP",
                "from_port": 8080,
                "ipv6_cidr_blocks": [],
                "prefix_list_ids": [],
                "protocol": "tcp",
                "security_groups": [],
                "self": false,
                "to_port": 8080
              },
              {
                "cidr_blocks": [
                  "0.0.0.0/0"
                ],
                "description": "Allow SSH",
                "from_port": 22,
                "ipv6_cidr_blocks": [],
                "prefix_list_ids": [],
                "protocol": "tcp",
                "security_groups": [],
                "self": false,
                "to_port": 22
              }
            ],
            "name": "istory nginx sg20250322052338045500000001",
            "name_prefix": "istory nginx sg",
            "owner_id": "445567077599",
            "revoke_rules_on_delete": false,
            "tags": {},
            "tags_all": {},
            "timeouts": null,
            "vpc_id": "vpc-0575e537ce2796aa2"
          },
          "sensitive_attributes": [],
          "private": "eyJlMmJmYjczMC1lY2FhLTExZTYtOGY4OC0zNDM2M2JjN2M0YzAiOnsiY3JlYXRlIjo2MDAwMDAwMDAwMDAsImRlbGV0ZSI6OTAwMDAwMDAwMDAwfSwic2NoZW1hX3ZlcnNpb24iOiIxIn0=",
          "dependencies": [
            "aws_vpc.dangtong-vpc"
          ]
        }
      ]
    },
    {
      "mode": "managed",
      "type": "aws_security_group",
      "name": "istory_rds_sg",
      "provider": "provider[\"registry.terraform.io/hashicorp/aws\"]",
      "instances": [
        {
          "schema_version": 1,
          "attributes": {
            "arn": "arn:aws:ec2:ap-northeast-2:445567077599:security-group/sg-09e5874970def8c1c",
            "description": "Managed by Terraform",
            "egress": [
              {
                "cidr_blocks": [
                  "0.0.0.0/0"
                ],
                "description": "",
                "from_port": 0,
                "ipv6_cidr_blocks": [],
                "prefix_list_ids": [],
                "protocol": "-1",
                "security_groups": [],
                "self": false,
                "to_port": 0
              }
            ],
            "id": "sg-09e5874970def8c1c",
            "ingress": [
              {
                "cidr_blocks": [],
                "description": "Allow MySQL from EC2",
                "from_port": 3306,
                "ipv6_cidr_blocks": [],
                "prefix_list_ids": [],
                "protocol": "tcp",
                "security_groups": [
                  "sg-0b9c6ddbeab10ec12"
                ],
                "self": false,
                "to_port": 3306
              }
            ],
            "name": "istory rds sg20250322052341575700000003",
            "name_prefix": "istory rds sg",
            "owner_id": "445567077599",
            "revoke_rules_on_delete": false,
            "tags": {
              "Name": "istory-rds-sg"
            },
            "tags_all": {
              "Name": "istory-rds-sg"
            },
            "timeouts": null,
            "vpc_id": "vpc-0575e537ce2796aa2"
          },
          "sensitive_attributes": [],
          "private": "eyJlMmJmYjczMC1lY2FhLTExZTYtOGY4OC0zNDM2M2JjN2M0YzAiOnsiY3JlYXRlIjo2MDAwMDAwMDAwMDAsImRlbGV0ZSI6OTAwMDAwMDAwMDAwfSwic2NoZW1hX3ZlcnNpb24iOiIxIn0=",
          "dependencies": [
            "aws_security_group.istory_nginx_sg",
            "aws_vpc.dangtong-vpc"
          ]
        }
      ]
    },
    {
      "mode": "managed",
      "type": "aws_subnet",
      "name": "dangtong-vpc-public-subnet",
      "provider": "provider[\"registry.terraform.io/hashicorp/aws\"]",
      "instances": [
        {
          "index_key": "a",
          "schema_version": 1,
          "attributes": {
            "arn": "arn:aws:ec2:ap-northeast-2:445567077599:subnet/subnet-0e9c6ab4f91b5830a",
            "assign_ipv6_address_on_creation": false,
            "availability_zone": "ap-northeast-2a",
            "availability_zone_id": "apne2-az1",
            "cidr_block": "10.0.1.0/24",
            "customer_owned_ipv4_pool": "",
            "enable_dns64": false,
            "enable_lni_at_device_index": 0,
            "enable_resource_name_dns_a_record_on_launch": false,
            "enable_resource_name_dns_aaaa_record_on_launch": false,
            "id": "subnet-0e9c6ab4f91b5830a",
            "ipv6_cidr_block": "",
            "ipv6_cidr_block_association_id": "",
            "ipv6_native": false,
            "map_customer_owned_ip_on_launch": false,
            "map_public_ip_on_launch": true,
            "outpost_arn": "",
            "owner_id": "445567077599",
            "private_dns_hostname_type_on_launch": "ip-name",
            "tags": {
              "Name": "dangtong-vpc-public-subnet-a"
            },
            "tags_all": {
              "Name": "dangtong-vpc-public-subnet-a"
            },
            "timeouts": null,
            "vpc_id": "vpc-0575e537ce2796aa2"
          },
          "sensitive_attributes": [],
          "private": "eyJlMmJmYjczMC1lY2FhLTExZTYtOGY4OC0zNDM2M2JjN2M0YzAiOnsiY3JlYXRlIjo2MDAwMDAwMDAwMDAsImRlbGV0ZSI6MTIwMDAwMDAwMDAwMH0sInNjaGVtYV92ZXJzaW9uIjoiMSJ9",
          "dependencies": [
            "aws_vpc.dangtong-vpc"
          ]
        },
        {
          "index_key": "b",
          "schema_version": 1,
          "attributes": {
            "arn": "arn:aws:ec2:ap-northeast-2:445567077599:subnet/subnet-0a857576db5698735",
            "assign_ipv6_address_on_creation": false,
            "availability_zone": "ap-northeast-2b",
            "availability_zone_id": "apne2-az2",
            "cidr_block": "10.0.2.0/24",
            "customer_owned_ipv4_pool": "",
            "enable_dns64": false,
            "enable_lni_at_device_index": 0,
            "enable_resource_name_dns_a_record_on_launch": false,
            "enable_resource_name_dns_aaaa_record_on_launch": false,
            "id": "subnet-0a857576db5698735",
            "ipv6_cidr_block": "",
            "ipv6_cidr_block_association_id": "",
            "ipv6_native": false,
            "map_customer_owned_ip_on_launch": false,
            "map_public_ip_on_launch": true,
            "outpost_arn": "",
            "owner_id": "445567077599",
            "private_dns_hostname_type_on_launch": "ip-name",
            "tags": {
              "Name": "dangtong-vpc-public-subnet-b"
            },
            "tags_all": {
              "Name": "dangtong-vpc-public-subnet-b"
            },
            "timeouts": null,
            "vpc_id": "vpc-0575e537ce2796aa2"
          },
          "sensitive_attributes": [],
          "private": "eyJlMmJmYjczMC1lY2FhLTExZTYtOGY4OC0zNDM2M2JjN2M0YzAiOnsiY3JlYXRlIjo2MDAwMDAwMDAwMDAsImRlbGV0ZSI6MTIwMDAwMDAwMDAwMH0sInNjaGVtYV92ZXJzaW9uIjoiMSJ9",
          "dependencies": [
            "aws_vpc.dangtong-vpc"
          ]
        },
        {
          "index_key": "c",
          "schema_version": 1,
          "attributes": {
            "arn": "arn:aws:ec2:ap-northeast-2:445567077599:subnet/subnet-02e696e8e267f7375",
            "assign_ipv6_address_on_creation": false,
            "availability_zone": "ap-northeast-2c",
            "availability_zone_id": "apne2-az3",
            "cidr_block": "10.0.3.0/24",
            "customer_owned_ipv4_pool": "",
            "enable_dns64": false,
            "enable_lni_at_device_index": 0,
            "enable_resource_name_dns_a_record_on_launch": false,
            "enable_resource_name_dns_aaaa_record_on_launch": false,
            "id": "subnet-02e696e8e267f7375",
            "ipv6_cidr_block": "",
            "ipv6_cidr_block_association_id": "",
            "ipv6_native": false,
            "map_customer_owned_ip_on_launch": false,
            "map_public_ip_on_launch": true,
            "outpost_arn": "",
            "owner_id": "445567077599",
            "private_dns_hostname_type_on_launch": "ip-name",
            "tags": {
              "Name": "dangtong-vpc-public-subnet-c"
            },
            "tags_all": {
              "Name": "dangtong-vpc-public-subnet-c"
            },
            "timeouts": null,
            "vpc_id": "vpc-0575e537ce2796aa2"
          },
          "sensitive_attributes": [],
          "private": "eyJlMmJmYjczMC1lY2FhLTExZTYtOGY4OC0zNDM2M2JjN2M0YzAiOnsiY3JlYXRlIjo2MDAwMDAwMDAwMDAsImRlbGV0ZSI6MTIwMDAwMDAwMDAwMH0sInNjaGVtYV92ZXJzaW9uIjoiMSJ9",
          "dependencies": [
            "aws_vpc.dangtong-vpc"
          ]
        },
        {
          "index_key": "d",
          "schema_version": 1,
          "attributes": {
            "arn": "arn:aws:ec2:ap-northeast-2:445567077599:subnet/subnet-05f0e7807174266d9",
            "assign_ipv6_address_on_creation": false,
            "availability_zone": "ap-northeast-2d",
            "availability_zone_id": "apne2-az4",
            "cidr_block": "10.0.4.0/24",
            "customer_owned_ipv4_pool": "",
            "enable_dns64": false,
            "enable_lni_at_device_index": 0,
            "enable_resource_name_dns_a_record_on_launch": false,
            "enable_resource_name_dns_aaaa_record_on_launch": false,
            "id": "subnet-05f0e7807174266d9",
            "ipv6_cidr_block": "",
            "ipv6_cidr_block_association_id": "",
            "ipv6_native": false,
            "map_customer_owned_ip_on_launch": false,
            "map_public_ip_on_launch": true,
            "outpost_arn": "",
            "owner_id": "445567077599",
            "private_dns_hostname_type_on_launch": "ip-name",
            "tags": {
              "Name": "dangtong-vpc-public-subnet-d"
            },
            "tags_all": {
              "Name": "dangtong-vpc-public-subnet-d"
            },
            "timeouts": null,
            "vpc_id": "vpc-0575e537ce2796aa2"
          },
          "sensitive_attributes": [],
          "private": "eyJlMmJmYjczMC1lY2FhLTExZTYtOGY4OC0zNDM2M2JjN2M0YzAiOnsiY3JlYXRlIjo2MDAwMDAwMDAwMDAsImRlbGV0ZSI6MTIwMDAwMDAwMDAwMH0sInNjaGVtYV92ZXJzaW9uIjoiMSJ9",
          "dependencies": [
            "aws_vpc.dangtong-vpc"
          ]
        }
      ]
    },
    {
      "mode": "managed",
      "type": "aws_vpc",
      "name": "dangtong-vpc",
      "provider": "provider[\"registry.terraform.io/hashicorp/aws\"]",
      "instances": [
        {
          "schema_version": 1,
          "attributes": {
            "arn": "arn:aws:ec2:ap-northeast-2:445567077599:vpc/vpc-0575e537ce2796aa2",
            "assign_generated_ipv6_cidr_block": false,
            "cidr_block": "10.0.0.0/16",
            "default_network_acl_id": "acl-00eb472432bae5916",
            "default_route_table_id": "rtb-01ace6d87a7c3d5a4",
            "default_security_group_id": "sg-02c033d42a6228deb",
            "dhcp_options_id": "dopt-0f133dbc962592334",
            "enable_dns_hostnames": true,
            "enable_dns_support": true,
            "enable_network_address_usage_metrics": false,
            "id": "vpc-0575e537ce2796aa2",
            "instance_tenancy": "default",
            "ipv4_ipam_pool_id": null,
            "ipv4_netmask_length": null,
            "ipv6_association_id": "",
            "ipv6_cidr_block": "",
            "ipv6_cidr_block_network_border_group": "",
            "ipv6_ipam_pool_id": "",
            "ipv6_netmask_length": 0,
            "main_route_table_id": "rtb-01ace6d87a7c3d5a4",
            "owner_id": "445567077599",
            "tags": {
              "Name": "dangtong-vpc"
            },
            "tags_all": {
              "Name": "dangtong-vpc"
            }
          },
          "sensitive_attributes": [],
          "private": "eyJzY2hlbWFfdmVyc2lvbiI6IjEifQ=="
        }
      ]
    },
    {
      "mode": "managed",
      "type": "tls_private_key",
      "name": "ec2_private_key",
      "provider": "provider[\"registry.terraform.io/hashicorp/tls\"]",
      "instances": [
        {
          "schema_version": 1,
          "attributes": {
            "algorithm": "RSA",
            "ecdsa_curve": "P224",
            "id": "e31350ace37c88c2178a73fb82de91aa4421332a",
            "private_key_openssh": "-----BEGIN OPENSSH PRIVATE KEY-----\nb3BlbnNzaC1rZXktdjEAAAAABG5vbmUAAAAEbm9uZQAAAAAAAAABAAABFwAAAAdz\nc2gtcnNhAAAAAwEAAQAAAQEA3HUzJgMnJSHEg3GWikKR5DzsbZC+DDA6SsmUREh+\npDN8ccGYCryGJbTTf+AYoCDtZuRE1tYILnxmwdjDWx9+4PhZ25XV+ai0kKd+wNjF\nDnU9XKTLAOpxDt4RPtoFRk8TUvc3zQvaBHSUhATc0FiIgZzYIq1kcUfWj5UByAlO\no+RgbUQ5AvF6Vq0gUGXVSSgaB0/36gXYVSPL1ENJXUK/DakBbwz/yo1TfEMo3His\nOJTB/AyQrkf24PRC9KGEmaMDLL0MnjX7hUk8k3v1L9UnN71WzmMaI/a79WY9594Q\noRjwBT66Di4zXXnx8kn2ZYRALtQI6Cxo4I6nZBzZL9DJNwAAA7gOsz0pDrM9KQAA\nAAdzc2gtcnNhAAABAQDcdTMmAyclIcSDcZaKQpHkPOxtkL4MMDpKyZRESH6kM3xx\nwZgKvIYltNN/4BigIO1m5ETW1ggufGbB2MNbH37g+FnbldX5qLSQp37A2MUOdT1c\npMsA6nEO3hE+2gVGTxNS9zfNC9oEdJSEBNzQWIiBnNgirWRxR9aPlQHICU6j5GBt\nRDkC8XpWrSBQZdVJKBoHT/fqBdhVI8vUQ0ldQr8NqQFvDP/KjVN8QyjceKw4lMH8\nDJCuR/bg9EL0oYSZowMsvQyeNfuFSTyTe/Uv1Sc3vVbOYxoj9rv1Zj3n3hChGPAF\nProOLjNdefHySfZlhEAu1AjoLGjgjqdkHNkv0Mk3AAAAAwEAAQAAAQEAnCaXeBE7\npN1qKABItN26IIPWozSmqFNwtpBZaJRAv2WIe7q4SsKF8idGt4ivaJxqCzscV196\npBKRZjR3CxAf+pFudE6JJTEN1HgPG+FuknMQZ5KCB8AHHJTGelJK8iYIdfeNmrsO\nTaGVoH0hOqG67rN9k/Jk9qf/nevZOyr8fLBx1RmX8x64zSgPHecjUCpsLhhAtZRr\n+kJygs60qpsXGr35n+OQJUndRe2d+KL6C5Mr8V6ZGwguiJKVJ8TrzjN2Kk42r+49\ngVt+mVONbbWRqz7hNkpLtQ46hbeyxGXM1HlyBgGFqja/VhNTfnAKlTJH/qBoZtD7\n59+Nr2qPcPbtYQAAAIAtYrcXi5F/hf3gv6qIZqFYX7Xy2yU0BjfoaDkKzoj9Byxl\nOFW1HH36UE4mE+uVG34ztYl19+l/LuS4SdNjJTdwVeHOjlQZ2Oq47GSee5wpETLq\n4Q8EiR48k9LSd43UxBkZR8Z0eAd8MScXQH4q6HHVJANiflvPJvVKYP2y0Q1pAwAA\nAIEA8bTGFStetRRUJdSkBJ3c+h2Opm6K31oRTbYJcSGMKnO8FAQfkia6rl7EEU2O\nbMZGYmpSl0Nv0qh5PgCuEnek8DfwCz8XQj9guJbPMqErqyG3s6pgKjKrMsxP8prf\n7vw7EtlW4YTDZspZejkDldDertbvQqrJ9UpePdJ2uxjzFsMAAACBAOl+voaZLKhi\nTpZBqX+2+bOIOlfTSvZt2zUYJyQh8vhHIWH92+QM5ysPtyVJ87JRbkvHZ7kVPxs8\n/x+4W17KnndiGnNc7lbj3tqQ28DlVtTTpF/loUqFs05IuuvTr0MYfWJY9BzbO8KC\n1Q9OfNYg8KxzC+9t13Camp685/ioM+R9AAAAAAEC\n-----END OPENSSH PRIVATE KEY-----\n",
            "private_key_pem": "-----BEGIN RSA PRIVATE KEY-----\nMIIEowIBAAKCAQEA3HUzJgMnJSHEg3GWikKR5DzsbZC+DDA6SsmUREh+pDN8ccGY\nCryGJbTTf+AYoCDtZuRE1tYILnxmwdjDWx9+4PhZ25XV+ai0kKd+wNjFDnU9XKTL\nAOpxDt4RPtoFRk8TUvc3zQvaBHSUhATc0FiIgZzYIq1kcUfWj5UByAlOo+RgbUQ5\nAvF6Vq0gUGXVSSgaB0/36gXYVSPL1ENJXUK/DakBbwz/yo1TfEMo3HisOJTB/AyQ\nrkf24PRC9KGEmaMDLL0MnjX7hUk8k3v1L9UnN71WzmMaI/a79WY9594QoRjwBT66\nDi4zXXnx8kn2ZYRALtQI6Cxo4I6nZBzZL9DJNwIDAQABAoIBAQCcJpd4ETuk3Woo\nAEi03bogg9ajNKaoU3C2kFlolEC/ZYh7urhKwoXyJ0a3iK9onGoLOxxXX3qkEpFm\nNHcLEB/6kW50ToklMQ3UeA8b4W6ScxBnkoIHwAcclMZ6UkryJgh1942auw5NoZWg\nfSE6obrus32T8mT2p/+d69k7Kvx8sHHVGZfzHrjNKA8d5yNQKmwuGEC1lGv6QnKC\nzrSqmxcavfmf45AlSd1F7Z34ovoLkyvxXpkbCC6IkpUnxOvOM3YqTjav7j2BW36Z\nU41ttZGrPuE2Sku1DjqFt7LEZczUeXIGAYWqNr9WE1N+cAqVMkf+oGhm0Pvn342v\nao9w9u1hAoGBAPG0xhUrXrUUVCXUpASd3PodjqZuit9aEU22CXEhjCpzvBQEH5Im\nuq5exBFNjmzGRmJqUpdDb9KoeT4ArhJ3pPA38As/F0I/YLiWzzKhK6sht7OqYCoy\nqzLMT/Ka3+78OxLZVuGEw2bKWXo5A5XQ3q7W70KqyfVKXj3SdrsY8xbDAoGBAOl+\nvoaZLKhiTpZBqX+2+bOIOlfTSvZt2zUYJyQh8vhHIWH92+QM5ysPtyVJ87JRbkvH\nZ7kVPxs8/x+4W17KnndiGnNc7lbj3tqQ28DlVtTTpF/loUqFs05IuuvTr0MYfWJY\n9BzbO8KC1Q9OfNYg8KxzC+9t13Camp685/ioM+R9AoGAKh4yFiZEjpFISH9RRWys\nwPi9jsrccCcltMDvzELoRc19DI/bYIBXL2NcDxfQpau3QBb+5VTe+3pYBjHgI1+t\n4h4dOhh4WRbqJ8A/wrbLATsS47/gmfnSUzu/AqtyMhbJxHMS7KFR22uPQ/kDYuvO\nofDaKGfSYWfgHC28esXSNjkCgYA4arpoVTxYFyC753On+zMMMP8/1zrGnjaX9pUG\ngvltCerD/Y2S5Zc5bVuoM90hGdHXl3+1Va/gyfUu2eGh3r05RUf01eB0uCxRjSy7\nx+4aEGUoEpjNI872PFaFwqkXQiSRjcK18jbXQbtvLly1dFISqN2aZWTnvUNc1XIL\nP8ECFQKBgC1itxeLkX+F/eC/qohmoVhftfLbJTQGN+hoOQrOiP0HLGU4VbUcffpQ\nTiYT65UbfjO1iXX36X8u5LhJ02MlN3BV4c6OVBnY6rjsZJ57nCkRMurhDwSJHjyT\n0tJ3jdTEGRlHxnR4B3wxJxdAfirocdUkA2J+W88m9Upg/bLRDWkD\n-----END RSA PRIVATE KEY-----\n",
            "private_key_pem_pkcs8": "-----BEGIN PRIVATE KEY-----\nMIIEvQIBADANBgkqhkiG9w0BAQEFAASCBKcwggSjAgEAAoIBAQDcdTMmAyclIcSD\ncZaKQpHkPOxtkL4MMDpKyZRESH6kM3xxwZgKvIYltNN/4BigIO1m5ETW1ggufGbB\n2MNbH37g+FnbldX5qLSQp37A2MUOdT1cpMsA6nEO3hE+2gVGTxNS9zfNC9oEdJSE\nBNzQWIiBnNgirWRxR9aPlQHICU6j5GBtRDkC8XpWrSBQZdVJKBoHT/fqBdhVI8vU\nQ0ldQr8NqQFvDP/KjVN8QyjceKw4lMH8DJCuR/bg9EL0oYSZowMsvQyeNfuFSTyT\ne/Uv1Sc3vVbOYxoj9rv1Zj3n3hChGPAFProOLjNdefHySfZlhEAu1AjoLGjgjqdk\nHNkv0Mk3AgMBAAECggEBAJwml3gRO6TdaigASLTduiCD1qM0pqhTcLaQWWiUQL9l\niHu6uErChfInRreIr2icags7HFdfeqQSkWY0dwsQH/qRbnROiSUxDdR4DxvhbpJz\nEGeSggfABxyUxnpSSvImCHX3jZq7Dk2hlaB9ITqhuu6zfZPyZPan/53r2Tsq/Hyw\ncdUZl/MeuM0oDx3nI1AqbC4YQLWUa/pCcoLOtKqbFxq9+Z/jkCVJ3UXtnfii+guT\nK/FemRsILoiSlSfE684zdipONq/uPYFbfplTjW21kas+4TZKS7UOOoW3ssRlzNR5\ncgYBhao2v1YTU35wCpUyR/6gaGbQ++ffja9qj3D27WECgYEA8bTGFStetRRUJdSk\nBJ3c+h2Opm6K31oRTbYJcSGMKnO8FAQfkia6rl7EEU2ObMZGYmpSl0Nv0qh5PgCu\nEnek8DfwCz8XQj9guJbPMqErqyG3s6pgKjKrMsxP8prf7vw7EtlW4YTDZspZejkD\nldDertbvQqrJ9UpePdJ2uxjzFsMCgYEA6X6+hpksqGJOlkGpf7b5s4g6V9NK9m3b\nNRgnJCHy+EchYf3b5AznKw+3JUnzslFuS8dnuRU/Gzz/H7hbXsqed2Iac1zuVuPe\n2pDbwOVW1NOkX+WhSoWzTki669OvQxh9Ylj0HNs7woLVD0581iDwrHML723XcJqa\nnrzn+Kgz5H0CgYAqHjIWJkSOkUhIf1FFbKzA+L2OytxwJyW0wO/MQuhFzX0Mj9tg\ngFcvY1wPF9Clq7dAFv7lVN77elgGMeAjX63iHh06GHhZFuonwD/CtssBOxLjv+CZ\n+dJTO78Cq3IyFsnEcxLsoVHba49D+QNi686h8NooZ9JhZ+AcLbx6xdI2OQKBgDhq\numhVPFgXILvnc6f7Mwww/z/XOsaeNpf2lQaC+W0J6sP9jZLllzltW6gz3SEZ0deX\nf7VVr+DJ9S7Z4aHevTlFR/TV4HS4LFGNLLvH7hoQZSgSmM0jzvY8VoXCqRdCJJGN\nwrXyNtdBu28uXLV0UhKo3ZplZOe9Q1zVcgs/wQIVAoGALWK3F4uRf4X94L+qiGah\nWF+18tslNAY36Gg5Cs6I/QcsZThVtRx9+lBOJhPrlRt+M7WJdffpfy7kuEnTYyU3\ncFXhzo5UGdjquOxknnucKREy6uEPBIkePJPS0neN1MQZGUfGdHgHfDEnF0B+Kuhx\n1SQDYn5bzyb1SmD9stENaQM=\n-----END PRIVATE KEY-----\n",
            "public_key_fingerprint_md5": "48:f6:2c:7c:94:5e:b1:3d:d0:43:f0:c8:da:0d:e2:f6",
            "public_key_fingerprint_sha256": "SHA256:4aQDRHZaED2YSnuOyK5CxuHhTpASFIf+nj7vJcXf4es",
            "public_key_openssh": "ssh-rsa AAAAB3NzaC1yc2EAAAADAQABAAABAQDcdTMmAyclIcSDcZaKQpHkPOxtkL4MMDpKyZRESH6kM3xxwZgKvIYltNN/4BigIO1m5ETW1ggufGbB2MNbH37g+FnbldX5qLSQp37A2MUOdT1cpMsA6nEO3hE+2gVGTxNS9zfNC9oEdJSEBNzQWIiBnNgirWRxR9aPlQHICU6j5GBtRDkC8XpWrSBQZdVJKBoHT/fqBdhVI8vUQ0ldQr8NqQFvDP/KjVN8QyjceKw4lMH8DJCuR/bg9EL0oYSZowMsvQyeNfuFSTyTe/Uv1Sc3vVbOYxoj9rv1Zj3n3hChGPAFProOLjNdefHySfZlhEAu1AjoLGjgjqdkHNkv0Mk3\n",
            "public_key_pem": "-----BEGIN PUBLIC KEY-----\nMIIBIjANBgkqhkiG9w0BAQEFAAOCAQ8AMIIBCgKCAQEA3HUzJgMnJSHEg3GWikKR\n5DzsbZC+DDA6SsmUREh+pDN8ccGYCryGJbTTf+AYoCDtZuRE1tYILnxmwdjDWx9+\n4PhZ25XV+ai0kKd+wNjFDnU9XKTLAOpxDt4RPtoFRk8TUvc3zQvaBHSUhATc0FiI\ngZzYIq1kcUfWj5UByAlOo+RgbUQ5AvF6Vq0gUGXVSSgaB0/36gXYVSPL1ENJXUK/\nDakBbwz/yo1TfEMo3HisOJTB/AyQrkf24PRC9KGEmaMDLL0MnjX7hUk8k3v1L9Un\nN71WzmMaI/a79WY9594QoRjwBT66Di4zXXnx8kn2ZYRALtQI6Cxo4I6nZBzZL9DJ\nNwIDAQAB\n-----END PUBLIC KEY-----\n",
            "rsa_bits": 2048
          },
          "sensitive_attributes": [
            [
              {
                "type": "get_attr",
                "value": "private_key_pem"
              }
            ],
            [
              {
                "type": "get_attr",
                "value": "private_key_openssh"
              }
            ],
            [
              {
                "type": "get_attr",
                "value": "private_key_pem_pkcs8"
              }
            ]
          ]
        }
      ]
    }
  ],
  "check_results": null
}
